// !$*UTF8*$!
{
	archiveVersion = 1;
	classes = {
	};
	objectVersion = 51;
	objects = {

/* Begin PBXBuildFile section */
		32235B9D22D90F4F00128023 /* AppDelegate.m in Sources */ = {isa = PBXBuildFile; fileRef = 32235B9C22D90F4F00128023 /* AppDelegate.m */; };
		32235BA022D90F4F00128023 /* MainViewController.m in Sources */ = {isa = PBXBuildFile; fileRef = 32235B9F22D90F4F00128023 /* MainViewController.m */; };
		32235BA522D90F5100128023 /* Assets.xcassets in Resources */ = {isa = PBXBuildFile; fileRef = 32235BA422D90F5100128023 /* Assets.xcassets */; };
		32235BA822D90F5100128023 /* LaunchScreen.storyboard in Resources */ = {isa = PBXBuildFile; fileRef = 32235BA622D90F5100128023 /* LaunchScreen.storyboard */; };
		32235BAB22D90F5100128023 /* main.m in Sources */ = {isa = PBXBuildFile; fileRef = 32235BAA22D90F5100128023 /* main.m */; };
		3288B2A322D91853000AEBC6 /* Keys.plist in Resources */ = {isa = PBXBuildFile; fileRef = 3288B2A222D91853000AEBC6 /* Keys.plist */; };
		3288B2A522D91EF6000AEBC6 /* CoreLocation.framework in Frameworks */ = {isa = PBXBuildFile; fileRef = 3288B2A422D91EF6000AEBC6 /* CoreLocation.framework */; };
		572730646C1034B006F499DC /* Pods_FishDay.framework in Frameworks */ = {isa = PBXBuildFile; fileRef = EA01CDF3EEAFB42EAD58B1CD /* Pods_FishDay.framework */; };
/* End PBXBuildFile section */

/* Begin PBXFileReference section */
		32235B9822D90F4F00128023 /* FishDay.app */ = {isa = PBXFileReference; explicitFileType = wrapper.application; includeInIndex = 0; path = FishDay.app; sourceTree = BUILT_PRODUCTS_DIR; };
		32235B9B22D90F4F00128023 /* AppDelegate.h */ = {isa = PBXFileReference; lastKnownFileType = sourcecode.c.h; path = AppDelegate.h; sourceTree = "<group>"; };
		32235B9C22D90F4F00128023 /* AppDelegate.m */ = {isa = PBXFileReference; lastKnownFileType = sourcecode.c.objc; path = AppDelegate.m; sourceTree = "<group>"; };
		32235B9E22D90F4F00128023 /* MainViewController.h */ = {isa = PBXFileReference; lastKnownFileType = sourcecode.c.h; path = MainViewController.h; sourceTree = "<group>"; };
		32235B9F22D90F4F00128023 /* MainViewController.m */ = {isa = PBXFileReference; lastKnownFileType = sourcecode.c.objc; path = MainViewController.m; sourceTree = "<group>"; };
		32235BA422D90F5100128023 /* Assets.xcassets */ = {isa = PBXFileReference; lastKnownFileType = folder.assetcatalog; path = Assets.xcassets; sourceTree = "<group>"; };
		32235BA722D90F5100128023 /* Base */ = {isa = PBXFileReference; lastKnownFileType = file.storyboard; name = Base; path = Base.lproj/LaunchScreen.storyboard; sourceTree = "<group>"; };
		32235BA922D90F5100128023 /* Info.plist */ = {isa = PBXFileReference; lastKnownFileType = text.plist.xml; path = Info.plist; sourceTree = "<group>"; };
		32235BAA22D90F5100128023 /* main.m */ = {isa = PBXFileReference; lastKnownFileType = sourcecode.c.objc; path = main.m; sourceTree = "<group>"; };
		3288B2A222D91853000AEBC6 /* Keys.plist */ = {isa = PBXFileReference; lastKnownFileType = text.plist.xml; path = Keys.plist; sourceTree = "<group>"; };
		3288B2A422D91EF6000AEBC6 /* CoreLocation.framework */ = {isa = PBXFileReference; lastKnownFileType = wrapper.framework; name = CoreLocation.framework; path = System/Library/Frameworks/CoreLocation.framework; sourceTree = SDKROOT; };
		7E5F21A03ABD92260C321CD1 /* Pods-FishDay.release.xcconfig */ = {isa = PBXFileReference; includeInIndex = 1; lastKnownFileType = text.xcconfig; name = "Pods-FishDay.release.xcconfig"; path = "Target Support Files/Pods-FishDay/Pods-FishDay.release.xcconfig"; sourceTree = "<group>"; };
		9B15C05075A86057376316B3 /* Pods-FishDay.debug.xcconfig */ = {isa = PBXFileReference; includeInIndex = 1; lastKnownFileType = text.xcconfig; name = "Pods-FishDay.debug.xcconfig"; path = "Target Support Files/Pods-FishDay/Pods-FishDay.debug.xcconfig"; sourceTree = "<group>"; };
		EA01CDF3EEAFB42EAD58B1CD /* Pods_FishDay.framework */ = {isa = PBXFileReference; explicitFileType = wrapper.framework; includeInIndex = 0; path = Pods_FishDay.framework; sourceTree = BUILT_PRODUCTS_DIR; };
/* End PBXFileReference section */

/* Begin PBXFrameworksBuildPhase section */
		32235B9522D90F4F00128023 /* Frameworks */ = {
			isa = PBXFrameworksBuildPhase;
			buildActionMask = 2147483647;
			files = (
				3288B2A522D91EF6000AEBC6 /* CoreLocation.framework in Frameworks */,
				572730646C1034B006F499DC /* Pods_FishDay.framework in Frameworks */,
			);
			runOnlyForDeploymentPostprocessing = 0;
		};
/* End PBXFrameworksBuildPhase section */

/* Begin PBXGroup section */
		0D2EFAFAE095F65CC2FFA58C /* Frameworks */ = {
			isa = PBXGroup;
			children = (
				3288B2A422D91EF6000AEBC6 /* CoreLocation.framework */,
				EA01CDF3EEAFB42EAD58B1CD /* Pods_FishDay.framework */,
			);
			name = Frameworks;
			sourceTree = "<group>";
		};
		32235B8F22D90F4F00128023 = {
			isa = PBXGroup;
			children = (
				32235B9A22D90F4F00128023 /* FishDay */,
				32235B9922D90F4F00128023 /* Products */,
				3BB71A9D515AC2FA742BF7A6 /* Pods */,
				0D2EFAFAE095F65CC2FFA58C /* Frameworks */,
			);
			sourceTree = "<group>";
		};
		32235B9922D90F4F00128023 /* Products */ = {
			isa = PBXGroup;
			children = (
				32235B9822D90F4F00128023 /* FishDay.app */,
			);
			name = Products;
			sourceTree = "<group>";
		};
		32235B9A22D90F4F00128023 /* FishDay */ = {
			isa = PBXGroup;
			children = (
				32235B9B22D90F4F00128023 /* AppDelegate.h */,
				32235B9C22D90F4F00128023 /* AppDelegate.m */,
				32235B9E22D90F4F00128023 /* MainViewController.h */,
				32235B9F22D90F4F00128023 /* MainViewController.m */,
				32235BA422D90F5100128023 /* Assets.xcassets */,
				32235BA622D90F5100128023 /* LaunchScreen.storyboard */,
				32235BA922D90F5100128023 /* Info.plist */,
				3288B2A222D91853000AEBC6 /* Keys.plist */,
				32235BAA22D90F5100128023 /* main.m */,
			);
			path = FishDay;
			sourceTree = "<group>";
		};
		3BB71A9D515AC2FA742BF7A6 /* Pods */ = {
			isa = PBXGroup;
			children = (
				9B15C05075A86057376316B3 /* Pods-FishDay.debug.xcconfig */,
				7E5F21A03ABD92260C321CD1 /* Pods-FishDay.release.xcconfig */,
			);
			path = Pods;
			sourceTree = "<group>";
		};
/* End PBXGroup section */

/* Begin PBXNativeTarget section */
		32235B9722D90F4F00128023 /* FishDay */ = {
			isa = PBXNativeTarget;
			buildConfigurationList = 32235BAE22D90F5100128023 /* Build configuration list for PBXNativeTarget "FishDay" */;
			buildPhases = (
				CAEEAD4BAABBC3D24C6A1173 /* [CP] Check Pods Manifest.lock */,
				32235B9422D90F4F00128023 /* Sources */,
				32235B9522D90F4F00128023 /* Frameworks */,
				32235B9622D90F4F00128023 /* Resources */,
				A38CBC6609FA8AD167600B64 /* [CP] Copy Pods Resources */,
			);
			buildRules = (
			);
			dependencies = (
			);
			name = FishDay;
			productName = FishDay;
			productReference = 32235B9822D90F4F00128023 /* FishDay.app */;
			productType = "com.apple.product-type.application";
		};
/* End PBXNativeTarget section */

/* Begin PBXProject section */
		32235B9022D90F4F00128023 /* Project object */ = {
			isa = PBXProject;
			attributes = {
				LastUpgradeCheck = 1020;
				ORGANIZATIONNAME = "Фёдор Морев";
				TargetAttributes = {
					32235B9722D90F4F00128023 = {
						CreatedOnToolsVersion = 10.2.1;
					};
				};
			};
			buildConfigurationList = 32235B9322D90F4F00128023 /* Build configuration list for PBXProject "FishDay" */;
			compatibilityVersion = "Xcode 9.3";
			developmentRegion = en;
			hasScannedForEncodings = 0;
			knownRegions = (
				en,
				Base,
			);
			mainGroup = 32235B8F22D90F4F00128023;
			productRefGroup = 32235B9922D90F4F00128023 /* Products */;
			projectDirPath = "";
			projectRoot = "";
			targets = (
				32235B9722D90F4F00128023 /* FishDay */,
			);
		};
/* End PBXProject section */

/* Begin PBXResourcesBuildPhase section */
		32235B9622D90F4F00128023 /* Resources */ = {
			isa = PBXResourcesBuildPhase;
			buildActionMask = 2147483647;
			files = (
				3288B2A322D91853000AEBC6 /* Keys.plist in Resources */,
				32235BA822D90F5100128023 /* LaunchScreen.storyboard in Resources */,
				32235BA522D90F5100128023 /* Assets.xcassets in Resources */,
			);
			runOnlyForDeploymentPostprocessing = 0;
		};
/* End PBXResourcesBuildPhase section */

/* Begin PBXShellScriptBuildPhase section */
		A38CBC6609FA8AD167600B64 /* [CP] Copy Pods Resources */ = {
			isa = PBXShellScriptBuildPhase;
			buildActionMask = 2147483647;
			files = (
			);
			inputFileListPaths = (
				"${PODS_ROOT}/Target Support Files/Pods-FishDay/Pods-FishDay-resources-${CONFIGURATION}-input-files.xcfilelist",
			);
			name = "[CP] Copy Pods Resources";
			outputFileListPaths = (
				"${PODS_ROOT}/Target Support Files/Pods-FishDay/Pods-FishDay-resources-${CONFIGURATION}-output-files.xcfilelist",
			);
			runOnlyForDeploymentPostprocessing = 0;
			shellPath = /bin/sh;
			shellScript = "\"${PODS_ROOT}/Target Support Files/Pods-FishDay/Pods-FishDay-resources.sh\"\n";
			showEnvVarsInLog = 0;
		};
		CAEEAD4BAABBC3D24C6A1173 /* [CP] Check Pods Manifest.lock */ = {
			isa = PBXShellScriptBuildPhase;
			buildActionMask = 2147483647;
			files = (
			);
			inputFileListPaths = (
			);
			inputPaths = (
				"${PODS_PODFILE_DIR_PATH}/Podfile.lock",
				"${PODS_ROOT}/Manifest.lock",
			);
			name = "[CP] Check Pods Manifest.lock";
			outputFileListPaths = (
			);
			outputPaths = (
				"$(DERIVED_FILE_DIR)/Pods-FishDay-checkManifestLockResult.txt",
			);
			runOnlyForDeploymentPostprocessing = 0;
			shellPath = /bin/sh;
			shellScript = "diff \"${PODS_PODFILE_DIR_PATH}/Podfile.lock\" \"${PODS_ROOT}/Manifest.lock\" > /dev/null\nif [ $? != 0 ] ; then\n    # print error to STDERR\n    echo \"error: The sandbox is not in sync with the Podfile.lock. Run 'pod install' or update your CocoaPods installation.\" >&2\n    exit 1\nfi\n# This output is used by Xcode 'outputs' to avoid re-running this script phase.\necho \"SUCCESS\" > \"${SCRIPT_OUTPUT_FILE_0}\"\n";
			showEnvVarsInLog = 0;
		};
/* End PBXShellScriptBuildPhase section */

/* Begin PBXSourcesBuildPhase section */
		32235B9422D90F4F00128023 /* Sources */ = {
			isa = PBXSourcesBuildPhase;
			buildActionMask = 2147483647;
			files = (
				32235BA022D90F4F00128023 /* MainViewController.m in Sources */,
				32235BAB22D90F5100128023 /* main.m in Sources */,
				32235B9D22D90F4F00128023 /* AppDelegate.m in Sources */,
			);
			runOnlyForDeploymentPostprocessing = 0;
		};
/* End PBXSourcesBuildPhase section */

/* Begin PBXVariantGroup section */
		32235BA622D90F5100128023 /* LaunchScreen.storyboard */ = {
			isa = PBXVariantGroup;
			children = (
				32235BA722D90F5100128023 /* Base */,
			);
			name = LaunchScreen.storyboard;
			sourceTree = "<group>";
		};
/* End PBXVariantGroup section */

/* Begin XCBuildConfiguration section */
		32235BAC22D90F5100128023 /* Debug */ = {
			isa = XCBuildConfiguration;
			buildSettings = {
				ALWAYS_SEARCH_USER_PATHS = NO;
				CLANG_ANALYZER_NONNULL = YES;
				CLANG_ANALYZER_NUMBER_OBJECT_CONVERSION = YES_AGGRESSIVE;
				CLANG_CXX_LANGUAGE_STANDARD = "gnu++14";
				CLANG_CXX_LIBRARY = "libc++";
				CLANG_ENABLE_MODULES = YES;
				CLANG_ENABLE_OBJC_ARC = YES;
				CLANG_ENABLE_OBJC_WEAK = YES;
				CLANG_WARN_BLOCK_CAPTURE_AUTORELEASING = YES;
				CLANG_WARN_BOOL_CONVERSION = YES;
				CLANG_WARN_COMMA = YES;
				CLANG_WARN_CONSTANT_CONVERSION = YES;
				CLANG_WARN_DEPRECATED_OBJC_IMPLEMENTATIONS = YES;
				CLANG_WARN_DIRECT_OBJC_ISA_USAGE = YES_ERROR;
				CLANG_WARN_DOCUMENTATION_COMMENTS = YES;
				CLANG_WARN_EMPTY_BODY = YES;
				CLANG_WARN_ENUM_CONVERSION = YES;
				CLANG_WARN_INFINITE_RECURSION = YES;
				CLANG_WARN_INT_CONVERSION = YES;
				CLANG_WARN_NON_LITERAL_NULL_CONVERSION = YES;
				CLANG_WARN_OBJC_IMPLICIT_RETAIN_SELF = YES;
				CLANG_WARN_OBJC_LITERAL_CONVERSION = YES;
				CLANG_WARN_OBJC_ROOT_CLASS = YES_ERROR;
				CLANG_WARN_RANGE_LOOP_ANALYSIS = YES;
				CLANG_WARN_STRICT_PROTOTYPES = YES;
				CLANG_WARN_SUSPICIOUS_MOVE = YES;
				CLANG_WARN_UNGUARDED_AVAILABILITY = YES_AGGRESSIVE;
				CLANG_WARN_UNREACHABLE_CODE = YES;
				CLANG_WARN__DUPLICATE_METHOD_MATCH = YES;
				CODE_SIGN_IDENTITY = "iPhone Developer";
				COPY_PHASE_STRIP = NO;
				DEBUG_INFORMATION_FORMAT = dwarf;
				ENABLE_STRICT_OBJC_MSGSEND = YES;
				ENABLE_TESTABILITY = YES;
				GCC_C_LANGUAGE_STANDARD = gnu11;
				GCC_DYNAMIC_NO_PIC = NO;
				GCC_NO_COMMON_BLOCKS = YES;
				GCC_OPTIMIZATION_LEVEL = 0;
				GCC_PREPROCESSOR_DEFINITIONS = (
					"DEBUG=1",
					"$(inherited)",
				);
				GCC_WARN_64_TO_32_BIT_CONVERSION = YES;
				GCC_WARN_ABOUT_RETURN_TYPE = YES_ERROR;
				GCC_WARN_UNDECLARED_SELECTOR = YES;
				GCC_WARN_UNINITIALIZED_AUTOS = YES_AGGRESSIVE;
				GCC_WARN_UNUSED_FUNCTION = YES;
				GCC_WARN_UNUSED_VARIABLE = YES;
				IPHONEOS_DEPLOYMENT_TARGET = 12.2;
				MTL_ENABLE_DEBUG_INFO = INCLUDE_SOURCE;
				MTL_FAST_MATH = YES;
				ONLY_ACTIVE_ARCH = YES;
				SDKROOT = iphoneos;
			};
			name = Debug;
		};
		32235BAD22D90F5100128023 /* Release */ = {
			isa = XCBuildConfiguration;
			buildSettings = {
				ALWAYS_SEARCH_USER_PATHS = NO;
				CLANG_ANALYZER_NONNULL = YES;
				CLANG_ANALYZER_NUMBER_OBJECT_CONVERSION = YES_AGGRESSIVE;
				CLANG_CXX_LANGUAGE_STANDARD = "gnu++14";
				CLANG_CXX_LIBRARY = "libc++";
				CLANG_ENABLE_MODULES = YES;
				CLANG_ENABLE_OBJC_ARC = YES;
				CLANG_ENABLE_OBJC_WEAK = YES;
				CLANG_WARN_BLOCK_CAPTURE_AUTORELEASING = YES;
				CLANG_WARN_BOOL_CONVERSION = YES;
				CLANG_WARN_COMMA = YES;
				CLANG_WARN_CONSTANT_CONVERSION = YES;
				CLANG_WARN_DEPRECATED_OBJC_IMPLEMENTATIONS = YES;
				CLANG_WARN_DIRECT_OBJC_ISA_USAGE = YES_ERROR;
				CLANG_WARN_DOCUMENTATION_COMMENTS = YES;
				CLANG_WARN_EMPTY_BODY = YES;
				CLANG_WARN_ENUM_CONVERSION = YES;
				CLANG_WARN_INFINITE_RECURSION = YES;
				CLANG_WARN_INT_CONVERSION = YES;
				CLANG_WARN_NON_LITERAL_NULL_CONVERSION = YES;
				CLANG_WARN_OBJC_IMPLICIT_RETAIN_SELF = YES;
				CLANG_WARN_OBJC_LITERAL_CONVERSION = YES;
				CLANG_WARN_OBJC_ROOT_CLASS = YES_ERROR;
				CLANG_WARN_RANGE_LOOP_ANALYSIS = YES;
				CLANG_WARN_STRICT_PROTOTYPES = YES;
				CLANG_WARN_SUSPICIOUS_MOVE = YES;
				CLANG_WARN_UNGUARDED_AVAILABILITY = YES_AGGRESSIVE;
				CLANG_WARN_UNREACHABLE_CODE = YES;
				CLANG_WARN__DUPLICATE_METHOD_MATCH = YES;
				CODE_SIGN_IDENTITY = "iPhone Developer";
				COPY_PHASE_STRIP = NO;
				DEBUG_INFORMATION_FORMAT = "dwarf-with-dsym";
				ENABLE_NS_ASSERTIONS = NO;
				ENABLE_STRICT_OBJC_MSGSEND = YES;
				GCC_C_LANGUAGE_STANDARD = gnu11;
				GCC_NO_COMMON_BLOCKS = YES;
				GCC_WARN_64_TO_32_BIT_CONVERSION = YES;
				GCC_WARN_ABOUT_RETURN_TYPE = YES_ERROR;
				GCC_WARN_UNDECLARED_SELECTOR = YES;
				GCC_WARN_UNINITIALIZED_AUTOS = YES_AGGRESSIVE;
				GCC_WARN_UNUSED_FUNCTION = YES;
				GCC_WARN_UNUSED_VARIABLE = YES;
				IPHONEOS_DEPLOYMENT_TARGET = 12.2;
				MTL_ENABLE_DEBUG_INFO = NO;
				MTL_FAST_MATH = YES;
				SDKROOT = iphoneos;
				VALIDATE_PRODUCT = YES;
			};
			name = Release;
		};
		32235BAF22D90F5100128023 /* Debug */ = {
			isa = XCBuildConfiguration;
			baseConfigurationReference = 9B15C05075A86057376316B3 /* Pods-FishDay.debug.xcconfig */;
			buildSettings = {
				ASSETCATALOG_COMPILER_APPICON_NAME = AppIcon;
				CODE_SIGN_STYLE = Automatic;
				DEVELOPMENT_TEAM = X4634FD8JW;
				INFOPLIST_FILE = FishDay/Info.plist;
				IPHONEOS_DEPLOYMENT_TARGET = 10;
				LD_RUNPATH_SEARCH_PATHS = (
					"$(inherited)",
					"@executable_path/Frameworks",
				);
				PRODUCT_BUNDLE_IDENTIFIER = dev.FishDay;
				PRODUCT_NAME = "$(TARGET_NAME)";
				TARGETED_DEVICE_FAMILY = "1,2";
			};
			name = Debug;
		};
		32235BB022D90F5100128023 /* Release */ = {
			isa = XCBuildConfiguration;
			baseConfigurationReference = 7E5F21A03ABD92260C321CD1 /* Pods-FishDay.release.xcconfig */;
			buildSettings = {
				ASSETCATALOG_COMPILER_APPICON_NAME = AppIcon;
				CODE_SIGN_STYLE = Automatic;
				DEVELOPMENT_TEAM = X4634FD8JW;
				INFOPLIST_FILE = FishDay/Info.plist;
				IPHONEOS_DEPLOYMENT_TARGET = 10;
				LD_RUNPATH_SEARCH_PATHS = (
					"$(inherited)",
					"@executable_path/Frameworks",
				);
				PRODUCT_BUNDLE_IDENTIFIER = dev.FishDay;
				PRODUCT_NAME = "$(TARGET_NAME)";
				TARGETED_DEVICE_FAMILY = "1,2";
			};
			name = Release;
		};
/* End XCBuildConfiguration section */

/* Begin XCConfigurationList section */
		32235B9322D90F4F00128023 /* Build configuration list for PBXProject "FishDay" */ = {
			isa = XCConfigurationList;
			buildConfigurations = (
				32235BAC22D90F5100128023 /* Debug */,
				32235BAD22D90F5100128023 /* Release */,
			);
			defaultConfigurationIsVisible = 0;
			defaultConfigurationName = Release;
		};
		32235BAE22D90F5100128023 /* Build configuration list for PBXNativeTarget "FishDay" */ = {
			isa = XCConfigurationList;
			buildConfigurations = (
				32235BAF22D90F5100128023 /* Debug */,
				32235BB022D90F5100128023 /* Release */,
			);
			defaultConfigurationIsVisible = 0;
			defaultConfigurationName = Release;
		};
/* End XCConfigurationList section */
	};
	rootObject = 32235B9022D90F4F00128023 /* Project object */;
}
